# This file is automatically @generated by Cargo.
# It is not intended for manual editing.
version = 3

[[package]]
name = "bytes"
version = "1.0.1"
source = "registry+https://github.com/rust-lang/crates.io-index"
checksum = "b700ce4376041dcd0a327fd0097c41095743c4c8af8887265942faf1100bd040"

[[package]]
name = "combine"
version = "4.5.2"
source = "registry+https://github.com/rust-lang/crates.io-index"
checksum = "cc4369b5e4c0cddf64ad8981c0111e7df4f7078f4d6ba98fb31f2e17c4c57b7e"
dependencies = [
 "bytes",
 "memchr",
]

[[package]]
name = "exercise-html"
version = "0.1.0"
dependencies = [
 "combine",
]

[[package]]
name = "memchr"
version = "2.3.4"
source = "registry+https://github.com/rust-lang/crates.io-index"
checksum = "0ee1c47aaa256ecabcaea351eae4a9b01ef39ed810004e298d2511ed284b1525"
